go.atoms.co/lib v1.2.1 h1:IDoCx6kqg3NJ9gM1aGYqtI4D82rFT1Hqg3Mi+l/6KKE=
go.atoms.co/lib/net/location v1.0.3 h1:gp0e/z4Row29+k1J5mpVG+H6eSeN2stpIEzwzYifYmM=
go.atoms.co/lib/net/location v1.0.3/go.mod h1:OM5jIBZ26kcTk+UlOol41jkFUmZhiKLBip+s6cTz2LY=
go.atoms.co/lib/net/session v1.0.4 h1:W/8xtxvRJfom0crfjsC8aEXH5bt3pJOFTUeHPElvrWw=
go.atoms.co/lib/net/session v1.0.4/go.mod h1:g30mud6ZtV8/d2rBz6vO/TTafHAMamLrOeb+7qxEq70=
go.atoms.co/splitter v1.3.0 h1:zDNJ7+4cQgluNuofsgu7g+IosfUwyMPJw/smbbRb178=
go.atoms.co/splitter v1.3.0/go.mod h1:SCbcuPsCFoaqe8ZWan0TG1BsfYwbVia3pg3dijjt7Bw=
go.atoms.co/splitter v1.4.0 h1:/5tX17xlWZAkkdTvqU2AyBbD8I5at1rtH2jR1yFR/oM=
go.atoms.co/splitter v1.4.0/go.mod h1:SCbcuPsCFoaqe8ZWan0TG1BsfYwbVia3pg3dijjt7Bw=
